
Microsoft Visual Studio Solution File, Format Version 12.00
# Visual Studio Version 16
VisualStudioVersion = 16.0.29020.237
MinimumVisualStudioVersion = 10.0.40219.1
Project("{FAE04EC0-301F-11D3-BF4B-00C04F79EFBC}") = "Rocky", "Rocky.csproj", "{EE963693-A667-47E8-8A59-C96435EE1A16}"
EndProject
Global
	GlobalSection(SolutionConfigurationPlatforms) = preSolution
		Debug|Any CPU = Debug|Any CPU
		Release|Any CPU = Release|Any CPU
	EndGlobalSection
	GlobalSection(ProjectConfigurationPlatforms) = postSolution
		{EE963693-A667-47E8-8A59-C96435EE1A16}.Debug|Any CPU.ActiveCfg = Debug|Any CPU
		{EE963693-A667-47E8-8A59-C96435EE1A16}.Debug|Any CPU.Build.0 = Debug|Any CPU
		{EE963693-A667-47E8-8A59-C96435EE1A16}.Release|Any CPU.ActiveCfg = Release|Any CPU
		{EE963693-A667-47E8-8A59-C96435EE1A16}.Release|Any CPU.Build.0 = Release|Any CPU
	EndGlobalSection
	GlobalSection(SolutionProperties) = preSolution
		HideSolutionNode = FALSE
	EndGlobalSection
	GlobalSection(ExtensibilityGlobals) = postSolution
		SolutionGuid = {240C7A63-F439-4951-ABB8-1D84F52A5850}
	EndGlobalSection
EndGlobal
